
Microsoft Visual Studio Solution File, Format Version 12.00
# Visual Studio Version 17
VisualStudioVersion = 17.9.34902.65
MinimumVisualStudioVersion = 10.0.40219.1
Project("{FAE04EC0-301F-11D3-BF4B-00C04F79EFBC}") = "Naja Negra", "Naja Negra.csproj", "{5EF0E208-3A49-4463-BFDC-0EAFA2592041}"
EndProject
Global
	GlobalSection(SolutionConfigurationPlatforms) = preSolution
		Debug|Any CPU = Debug|Any CPU
		Release|Any CPU = Release|Any CPU
	EndGlobalSection
	GlobalSection(ProjectConfigurationPlatforms) = postSolution
		{5EF0E208-3A49-4463-BFDC-0EAFA2592041}.Debug|Any CPU.ActiveCfg = Debug|Any CPU
		{5EF0E208-3A49-4463-BFDC-0EAFA2592041}.Debug|Any CPU.Build.0 = Debug|Any CPU
		{5EF0E208-3A49-4463-BFDC-0EAFA2592041}.Release|Any CPU.ActiveCfg = Release|Any CPU
		{5EF0E208-3A49-4463-BFDC-0EAFA2592041}.Release|Any CPU.Build.0 = Release|Any CPU
	EndGlobalSection
	GlobalSection(SolutionProperties) = preSolution
		HideSolutionNode = FALSE
	EndGlobalSection
	GlobalSection(ExtensibilityGlobals) = postSolution
		SolutionGuid = {863F3E4B-6681-456D-A8F0-6ECE330014CA}
	EndGlobalSection
EndGlobal
