
Microsoft Visual Studio Solution File, Format Version 12.00
# Visual Studio Version 17
VisualStudioVersion = 17.9.34902.65
MinimumVisualStudioVersion = 10.0.40219.1
Project("{FAE04EC0-301F-11D3-BF4B-00C04F79EFBC}") = "Brutalforce", "Brutalforce.csproj", "{8B87E852-EA65-4DB5-91B8-208B06493536}"
EndProject
Global
	GlobalSection(SolutionConfigurationPlatforms) = preSolution
		Debug|Any CPU = Debug|Any CPU
		Release|Any CPU = Release|Any CPU
	EndGlobalSection
	GlobalSection(ProjectConfigurationPlatforms) = postSolution
		{8B87E852-EA65-4DB5-91B8-208B06493536}.Debug|Any CPU.ActiveCfg = Debug|Any CPU
		{8B87E852-EA65-4DB5-91B8-208B06493536}.Debug|Any CPU.Build.0 = Debug|Any CPU
		{8B87E852-EA65-4DB5-91B8-208B06493536}.Release|Any CPU.ActiveCfg = Release|Any CPU
		{8B87E852-EA65-4DB5-91B8-208B06493536}.Release|Any CPU.Build.0 = Release|Any CPU
	EndGlobalSection
	GlobalSection(SolutionProperties) = preSolution
		HideSolutionNode = FALSE
	EndGlobalSection
	GlobalSection(ExtensibilityGlobals) = postSolution
		SolutionGuid = {5EDA0BE9-4A34-4621-8872-1372B1A77F92}
	EndGlobalSection
EndGlobal
